// !$*UTF8*$!
{
	archiveVersion = 1;
	classes = {
	};
	objectVersion = 48;
	objects = {

/* Begin PBXBuildFile section */
		FBD8594B201359AD00A1C408 /* AppDelegate.swift in Sources */ = {isa = PBXBuildFile; fileRef = FBD8594A201359AD00A1C408 /* AppDelegate.swift */; };
		FBD8594D201359AD00A1C408 /* ViewController.swift in Sources */ = {isa = PBXBuildFile; fileRef = FBD8594C201359AD00A1C408 /* ViewController.swift */; };
		FBD85950201359AD00A1C408 /* Main.storyboard in Resources */ = {isa = PBXBuildFile; fileRef = FBD8594E201359AD00A1C408 /* Main.storyboard */; };
		FBD85952201359AD00A1C408 /* Assets.xcassets in Resources */ = {isa = PBXBuildFile; fileRef = FBD85951201359AD00A1C408 /* Assets.xcassets */; };
		FBD85955201359AD00A1C408 /* LaunchScreen.storyboard in Resources */ = {isa = PBXBuildFile; fileRef = FBD85953201359AD00A1C408 /* LaunchScreen.storyboard */; };
		FBD85960201359AE00A1C408 /* Object_TrackingTests.swift in Sources */ = {isa = PBXBuildFile; fileRef = FBD8595F201359AE00A1C408 /* Object_TrackingTests.swift */; };
		FBDF6CFA20153A76008AF89D /* Readme.md in Resources */ = {isa = PBXBuildFile; fileRef = FBDF6CF920153A76008AF89D /* Readme.md */; };
/* End PBXBuildFile section */

/* Begin PBXContainerItemProxy section */
		FBD8595C201359AE00A1C408 /* PBXContainerItemProxy */ = {
			isa = PBXContainerItemProxy;
			containerPortal = FBD8593F201359AD00A1C408 /* Project object */;
			proxyType = 1;
			remoteGlobalIDString = FBD85946201359AD00A1C408;
			remoteInfo = "Object Tracking";
		};
/* End PBXContainerItemProxy section */

/* Begin PBXFileReference section */
		FBD85947201359AD00A1C408 /* Object Tracking.app */ = {isa = PBXFileReference; explicitFileType = wrapper.application; includeInIndex = 0; path = "Object Tracking.app"; sourceTree = BUILT_PRODUCTS_DIR; };
		FBD8594A201359AD00A1C408 /* AppDelegate.swift */ = {isa = PBXFileReference; lastKnownFileType = sourcecode.swift; path = AppDelegate.swift; sourceTree = "<group>"; };
		FBD8594C201359AD00A1C408 /* ViewController.swift */ = {isa = PBXFileReference; lastKnownFileType = sourcecode.swift; path = ViewController.swift; sourceTree = "<group>"; };
		FBD8594F201359AD00A1C408 /* Base */ = {isa = PBXFileReference; lastKnownFileType = file.storyboard; name = Base; path = Base.lproj/Main.storyboard; sourceTree = "<group>"; };
		FBD85951201359AD00A1C408 /* Assets.xcassets */ = {isa = PBXFileReference; lastKnownFileType = folder.assetcatalog; path = Assets.xcassets; sourceTree = "<group>"; };
		FBD85954201359AD00A1C408 /* Base */ = {isa = PBXFileReference; lastKnownFileType = file.storyboard; name = Base; path = Base.lproj/LaunchScreen.storyboard; sourceTree = "<group>"; };
		FBD85956201359AD00A1C408 /* Info.plist */ = {isa = PBXFileReference; lastKnownFileType = text.plist.xml; path = Info.plist; sourceTree = "<group>"; };
		FBD8595B201359AE00A1C408 /* Object TrackingTests.xctest */ = {isa = PBXFileReference; explicitFileType = wrapper.cfbundle; includeInIndex = 0; path = "Object TrackingTests.xctest"; sourceTree = BUILT_PRODUCTS_DIR; };
		FBD8595F201359AE00A1C408 /* Object_TrackingTests.swift */ = {isa = PBXFileReference; lastKnownFileType = sourcecode.swift; path = Object_TrackingTests.swift; sourceTree = "<group>"; };
		FBD85961201359AE00A1C408 /* Info.plist */ = {isa = PBXFileReference; lastKnownFileType = text.plist.xml; path = Info.plist; sourceTree = "<group>"; };
		FBDF6CF920153A76008AF89D /* Readme.md */ = {isa = PBXFileReference; fileEncoding = 4; lastKnownFileType = net.daringfireball.markdown; name = Readme.md; path = ../Readme.md; sourceTree = "<group>"; };
/* End PBXFileReference section */

/* Begin PBXFrameworksBuildPhase section */
		FBD85944201359AD00A1C408 /* Frameworks */ = {
			isa = PBXFrameworksBuildPhase;
			buildActionMask = 2147483647;
			files = (
			);
			runOnlyForDeploymentPostprocessing = 0;
		};
		FBD85958201359AE00A1C408 /* Frameworks */ = {
			isa = PBXFrameworksBuildPhase;
			buildActionMask = 2147483647;
			files = (
			);
			runOnlyForDeploymentPostprocessing = 0;
		};
/* End PBXFrameworksBuildPhase section */

/* Begin PBXGroup section */
		FBD8593E201359AD00A1C408 = {
			isa = PBXGroup;
			children = (
				FBDF6CF920153A76008AF89D /* Readme.md */,
				FBD85949201359AD00A1C408 /* Object Tracking */,
				FBD8595E201359AE00A1C408 /* Object TrackingTests */,
				FBD85948201359AD00A1C408 /* Products */,
			);
			sourceTree = "<group>";
		};
		FBD85948201359AD00A1C408 /* Products */ = {
			isa = PBXGroup;
			children = (
				FBD85947201359AD00A1C408 /* Object Tracking.app */,
				FBD8595B201359AE00A1C408 /* Object TrackingTests.xctest */,
			);
			name = Products;
			sourceTree = "<group>";
		};
		FBD85949201359AD00A1C408 /* Object Tracking */ = {
			isa = PBXGroup;
			children = (
				FBD8594A201359AD00A1C408 /* AppDelegate.swift */,
				FBD8594C201359AD00A1C408 /* ViewController.swift */,
				FBD8594E201359AD00A1C408 /* Main.storyboard */,
				FBD85951201359AD00A1C408 /* Assets.xcassets */,
				FBD85953201359AD00A1C408 /* LaunchScreen.storyboard */,
				FBD85956201359AD00A1C408 /* Info.plist */,
			);
			path = "Object Tracking";
			sourceTree = "<group>";
		};
		FBD8595E201359AE00A1C408 /* Object TrackingTests */ = {
			isa = PBXGroup;
			children = (
				FBD8595F201359AE00A1C408 /* Object_TrackingTests.swift */,
				FBD85961201359AE00A1C408 /* Info.plist */,
			);
			path = "Object TrackingTests";
			sourceTree = "<group>";
		};
/* End PBXGroup section */

/* Begin PBXNativeTarget section */
		FBD85946201359AD00A1C408 /* Object Tracking */ = {
			isa = PBXNativeTarget;
			buildConfigurationList = FBD85964201359AE00A1C408 /* Build configuration list for PBXNativeTarget "Object Tracking" */;
			buildPhases = (
				FBD85943201359AD00A1C408 /* Sources */,
				FBD85944201359AD00A1C408 /* Frameworks */,
				FBD85945201359AD00A1C408 /* Resources */,
			);
			buildRules = (
			);
			dependencies = (
			);
			name = "Object Tracking";
			productName = "Object Tracking";
			productReference = FBD85947201359AD00A1C408 /* Object Tracking.app */;
			productType = "com.apple.product-type.application";
		};
		FBD8595A201359AE00A1C408 /* Object TrackingTests */ = {
			isa = PBXNativeTarget;
			buildConfigurationList = FBD85967201359AE00A1C408 /* Build configuration list for PBXNativeTarget "Object TrackingTests" */;
			buildPhases = (
				FBD85957201359AE00A1C408 /* Sources */,
				FBD85958201359AE00A1C408 /* Frameworks */,
				FBD85959201359AE00A1C408 /* Resources */,
			);
			buildRules = (
			);
			dependencies = (
				FBD8595D201359AE00A1C408 /* PBXTargetDependency */,
			);
			name = "Object TrackingTests";
			productName = "Object TrackingTests";
			productReference = FBD8595B201359AE00A1C408 /* Object TrackingTests.xctest */;
			productType = "com.apple.product-type.bundle.unit-test";
		};
/* End PBXNativeTarget section */

/* Begin PBXProject section */
		FBD8593F201359AD00A1C408 /* Project object */ = {
			isa = PBXProject;
			attributes = {
				LastSwiftUpdateCheck = 0920;
				LastUpgradeCheck = 0920;
				ORGANIZATIONNAME = vikram;
				TargetAttributes = {
					FBD85946201359AD00A1C408 = {
						CreatedOnToolsVersion = 9.2;
						ProvisioningStyle = Automatic;
					};
					FBD8595A201359AE00A1C408 = {
						CreatedOnToolsVersion = 9.2;
						ProvisioningStyle = Automatic;
						TestTargetID = FBD85946201359AD00A1C408;
					};
				};
			};
			buildConfigurationList = FBD85942201359AD00A1C408 /* Build configuration list for PBXProject "Object Tracking" */;
			compatibilityVersion = "Xcode 8.0";
			developmentRegion = en;
			hasScannedForEncodings = 0;
			knownRegions = (
				en,
				Base,
			);
			mainGroup = FBD8593E201359AD00A1C408;
			productRefGroup = FBD85948201359AD00A1C408 /* Products */;
			projectDirPath = "";
			projectRoot = "";
			targets = (
				FBD85946201359AD00A1C408 /* Object Tracking */,
				FBD8595A201359AE00A1C408 /* Object TrackingTests */,
			);
		};
/* End PBXProject section */

/* Begin PBXResourcesBuildPhase section */
		FBD85945201359AD00A1C408 /* Resources */ = {
			isa = PBXResourcesBuildPhase;
			buildActionMask = 2147483647;
			files = (
				FBD85955201359AD00A1C408 /* LaunchScreen.storyboard in Resources */,
				FBD85952201359AD00A1C408 /* Assets.xcassets in Resources */,
				FBDF6CFA20153A76008AF89D /* Readme.md in Resources */,
				FBD85950201359AD00A1C408 /* Main.storyboard in Resources */,
			);
			runOnlyForDeploymentPostprocessing = 0;
		};
		FBD85959201359AE00A1C408 /* Resources */ = {
			isa = PBXResourcesBuildPhase;
			buildActionMask = 2147483647;
			files = (
			);
			runOnlyForDeploymentPostprocessing = 0;
		};
/* End PBXResourcesBuildPhase section */

/* Begin PBXSourcesBuildPhase section */
		FBD85943201359AD00A1C408 /* Sources */ = {
			isa = PBXSourcesBuildPhase;
			buildActionMask = 2147483647;
			files = (
				FBD8594D201359AD00A1C408 /* ViewController.swift in Sources */,
				FBD8594B201359AD00A1C408 /* AppDelegate.swift in Sources */,
			);
			runOnlyForDeploymentPostprocessing = 0;
		};
		FBD85957201359AE00A1C408 /* Sources */ = {
			isa = PBXSourcesBuildPhase;
			buildActionMask = 2147483647;
			files = (
				FBD85960201359AE00A1C408 /* Object_TrackingTests.swift in Sources */,
			);
			runOnlyForDeploymentPostprocessing = 0;
		};
/* End PBXSourcesBuildPhase section */

/* Begin PBXTargetDependency section */
		FBD8595D201359AE00A1C408 /* PBXTargetDependency */ = {
			isa = PBXTargetDependency;
			target = FBD85946201359AD00A1C408 /* Object Tracking */;
			targetProxy = FBD8595C201359AE00A1C408 /* PBXContainerItemProxy */;
		};
/* End PBXTargetDependency section */

/* Begin PBXVariantGroup section */
		FBD8594E201359AD00A1C408 /* Main.storyboard */ = {
			isa = PBXVariantGroup;
			children = (
				FBD8594F201359AD00A1C408 /* Base */,
			);
			name = Main.storyboard;
			sourceTree = "<group>";
		};
		FBD85953201359AD00A1C408 /* LaunchScreen.storyboard */ = {
			isa = PBXVariantGroup;
			children = (
				FBD85954201359AD00A1C408 /* Base */,
			);
			name = LaunchScreen.storyboard;
			sourceTree = "<group>";
		};
/* End PBXVariantGroup section */

/* Begin XCBuildConfiguration section */
		FBD85962201359AE00A1C408 /* Debug */ = {
			isa = XCBuildConfiguration;
			buildSettings = {
				ALWAYS_SEARCH_USER_PATHS = NO;
				CLANG_ANALYZER_NONNULL = YES;
				CLANG_ANALYZER_NUMBER_OBJECT_CONVERSION = YES_AGGRESSIVE;
				CLANG_CXX_LANGUAGE_STANDARD = "gnu++14";
				CLANG_CXX_LIBRARY = "libc++";
				CLANG_ENABLE_MODULES = YES;
				CLANG_ENABLE_OBJC_ARC = YES;
				CLANG_WARN_BLOCK_CAPTURE_AUTORELEASING = YES;
				CLANG_WARN_BOOL_CONVERSION = YES;
				CLANG_WARN_COMMA = YES;
				CLANG_WARN_CONSTANT_CONVERSION = YES;
				CLANG_WARN_DIRECT_OBJC_ISA_USAGE = YES_ERROR;
				CLANG_WARN_DOCUMENTATION_COMMENTS = YES;
				CLANG_WARN_EMPTY_BODY = YES;
				CLANG_WARN_ENUM_CONVERSION = YES;
				CLANG_WARN_INFINITE_RECURSION = YES;
				CLANG_WARN_INT_CONVERSION = YES;
				CLANG_WARN_NON_LITERAL_NULL_CONVERSION = YES;
				CLANG_WARN_OBJC_LITERAL_CONVERSION = YES;
				CLANG_WARN_OBJC_ROOT_CLASS = YES_ERROR;
				CLANG_WARN_RANGE_LOOP_ANALYSIS = YES;
				CLANG_WARN_STRICT_PROTOTYPES = YES;
				CLANG_WARN_SUSPICIOUS_MOVE = YES;
				CLANG_WARN_UNGUARDED_AVAILABILITY = YES_AGGRESSIVE;
				CLANG_WARN_UNREACHABLE_CODE = YES;
				CLANG_WARN__DUPLICATE_METHOD_MATCH = YES;
				CODE_SIGN_IDENTITY = "iPhone Developer";
				COPY_PHASE_STRIP = NO;
				DEBUG_INFORMATION_FORMAT = dwarf;
				ENABLE_STRICT_OBJC_MSGSEND = YES;
				ENABLE_TESTABILITY = YES;
				GCC_C_LANGUAGE_STANDARD = gnu11;
				GCC_DYNAMIC_NO_PIC = NO;
				GCC_NO_COMMON_BLOCKS = YES;
				GCC_OPTIMIZATION_LEVEL = 0;
				GCC_PREPROCESSOR_DEFINITIONS = (
					"DEBUG=1",
					"$(inherited)",
				);
				GCC_WARN_64_TO_32_BIT_CONVERSION = YES;
				GCC_WARN_ABOUT_RETURN_TYPE = YES_ERROR;
				GCC_WARN_UNDECLARED_SELECTOR = YES;
				GCC_WARN_UNINITIALIZED_AUTOS = YES_AGGRESSIVE;
				GCC_WARN_UNUSED_FUNCTION = YES;
				GCC_WARN_UNUSED_VARIABLE = YES;
				IPHONEOS_DEPLOYMENT_TARGET = 11.2;
				MTL_ENABLE_DEBUG_INFO = YES;
				ONLY_ACTIVE_ARCH = YES;
				SDKROOT = iphoneos;
				SWIFT_ACTIVE_COMPILATION_CONDITIONS = DEBUG;
				SWIFT_OPTIMIZATION_LEVEL = "-Onone";
			};
			name = Debug;
		};
		FBD85963201359AE00A1C408 /* Release */ = {
			isa = XCBuildConfiguration;
			buildSettings = {
				ALWAYS_SEARCH_USER_PATHS = NO;
				CLANG_ANALYZER_NONNULL = YES;
				CLANG_ANALYZER_NUMBER_OBJECT_CONVERSION = YES_AGGRESSIVE;
				CLANG_CXX_LANGUAGE_STANDARD = "gnu++14";
				CLANG_CXX_LIBRARY = "libc++";
				CLANG_ENABLE_MODULES = YES;
				CLANG_ENABLE_OBJC_ARC = YES;
				CLANG_WARN_BLOCK_CAPTURE_AUTORELEASING = YES;
				CLANG_WARN_BOOL_CONVERSION = YES;
				CLANG_WARN_COMMA = YES;
				CLANG_WARN_CONSTANT_CONVERSION = YES;
				CLANG_WARN_DIRECT_OBJC_ISA_USAGE = YES_ERROR;
				CLANG_WARN_DOCUMENTATION_COMMENTS = YES;
				CLANG_WARN_EMPTY_BODY = YES;
				CLANG_WARN_ENUM_CONVERSION = YES;
				CLANG_WARN_INFINITE_RECURSION = YES;
				CLANG_WARN_INT_CONVERSION = YES;
				CLANG_WARN_NON_LITERAL_NULL_CONVERSION = YES;
				CLANG_WARN_OBJC_LITERAL_CONVERSION = YES;
				CLANG_WARN_OBJC_ROOT_CLASS = YES_ERROR;
				CLANG_WARN_RANGE_LOOP_ANALYSIS = YES;
				CLANG_WARN_STRICT_PROTOTYPES = YES;
				CLANG_WARN_SUSPICIOUS_MOVE = YES;
				CLANG_WARN_UNGUARDED_AVAILABILITY = YES_AGGRESSIVE;
				CLANG_WARN_UNREACHABLE_CODE = YES;
				CLANG_WARN__DUPLICATE_METHOD_MATCH = YES;
				CODE_SIGN_IDENTITY = "iPhone Developer";
				COPY_PHASE_STRIP = NO;
				DEBUG_INFORMATION_FORMAT = "dwarf-with-dsym";
				ENABLE_NS_ASSERTIONS = NO;
				ENABLE_STRICT_OBJC_MSGSEND = YES;
				GCC_C_LANGUAGE_STANDARD = gnu11;
				GCC_NO_COMMON_BLOCKS = YES;
				GCC_WARN_64_TO_32_BIT_CONVERSION = YES;
				GCC_WARN_ABOUT_RETURN_TYPE = YES_ERROR;
				GCC_WARN_UNDECLARED_SELECTOR = YES;
				GCC_WARN_UNINITIALIZED_AUTOS = YES_AGGRESSIVE;
				GCC_WARN_UNUSED_FUNCTION = YES;
				GCC_WARN_UNUSED_VARIABLE = YES;
				IPHONEOS_DEPLOYMENT_TARGET = 11.2;
				MTL_ENABLE_DEBUG_INFO = NO;
				SDKROOT = iphoneos;
				SWIFT_OPTIMIZATION_LEVEL = "-Owholemodule";
				VALIDATE_PRODUCT = YES;
			};
			name = Release;
		};
		FBD85965201359AE00A1C408 /* Debug */ = {
			isa = XCBuildConfiguration;
			buildSettings = {
				ASSETCATALOG_COMPILER_APPICON_NAME = AppIcon;
				CODE_SIGN_STYLE = Automatic;
				DEVELOPMENT_TEAM = 6LJ9Y6X5NU;
				INFOPLIST_FILE = "Object Tracking/Info.plist";
				LD_RUNPATH_SEARCH_PATHS = "$(inherited) @executable_path/Frameworks";
				PRODUCT_BUNDLE_IDENTIFIER = "com.vikram.Object-Tracking";
				PRODUCT_NAME = "$(TARGET_NAME)";
				SWIFT_VERSION = 4.0;
				TARGETED_DEVICE_FAMILY = "1,2";
			};
			name = Debug;
		};
		FBD85966201359AE00A1C408 /* Release */ = {
			isa = XCBuildConfiguration;
			buildSettings = {
				ASSETCATALOG_COMPILER_APPICON_NAME = AppIcon;
				CODE_SIGN_STYLE = Automatic;
				DEVELOPMENT_TEAM = 6LJ9Y6X5NU;
				INFOPLIST_FILE = "Object Tracking/Info.plist";
				LD_RUNPATH_SEARCH_PATHS = "$(inherited) @executable_path/Frameworks";
				PRODUCT_BUNDLE_IDENTIFIER = "com.vikram.Object-Tracking";
				PRODUCT_NAME = "$(TARGET_NAME)";
				SWIFT_VERSION = 4.0;
				TARGETED_DEVICE_FAMILY = "1,2";
			};
			name = Release;
		};
		FBD85968201359AE00A1C408 /* Debug */ = {
			isa = XCBuildConfiguration;
			buildSettings = {
				ALWAYS_EMBED_SWIFT_STANDARD_LIBRARIES = YES;
				BUNDLE_LOADER = "$(TEST_HOST)";
				CODE_SIGN_STYLE = Automatic;
				INFOPLIST_FILE = "Object TrackingTests/Info.plist";
				LD_RUNPATH_SEARCH_PATHS = "$(inherited) @executable_path/Frameworks @loader_path/Frameworks";
				PRODUCT_BUNDLE_IDENTIFIER = "com.vikram.Object-TrackingTests";
				PRODUCT_NAME = "$(TARGET_NAME)";
				SWIFT_VERSION = 4.0;
				TARGETED_DEVICE_FAMILY = "1,2";
				TEST_HOST = "$(BUILT_PRODUCTS_DIR)/Object Tracking.app/Object Tracking";
			};
			name = Debug;
		};
		FBD85969201359AE00A1C408 /* Release */ = {
			isa = XCBuildConfiguration;
			buildSettings = {
				ALWAYS_EMBED_SWIFT_STANDARD_LIBRARIES = YES;
				BUNDLE_LOADER = "$(TEST_HOST)";
				CODE_SIGN_STYLE = Automatic;
				INFOPLIST_FILE = "Object TrackingTests/Info.plist";
				LD_RUNPATH_SEARCH_PATHS = "$(inherited) @executable_path/Frameworks @loader_path/Frameworks";
				PRODUCT_BUNDLE_IDENTIFIER = "com.vikram.Object-TrackingTests";
				PRODUCT_NAME = "$(TARGET_NAME)";
				SWIFT_VERSION = 4.0;
				TARGETED_DEVICE_FAMILY = "1,2";
				TEST_HOST = "$(BUILT_PRODUCTS_DIR)/Object Tracking.app/Object Tracking";
			};
			name = Release;
		};
/* End XCBuildConfiguration section */

/* Begin XCConfigurationList section */
		FBD85942201359AD00A1C408 /* Build configuration list for PBXProject "Object Tracking" */ = {
			isa = XCConfigurationList;
			buildConfigurations = (
				FBD85962201359AE00A1C408 /* Debug */,
				FBD85963201359AE00A1C408 /* Release */,
			);
			defaultConfigurationIsVisible = 0;
			defaultConfigurationName = Release;
		};
		FBD85964201359AE00A1C408 /* Build configuration list for PBXNativeTarget "Object Tracking" */ = {
			isa = XCConfigurationList;
			buildConfigurations = (
				FBD85965201359AE00A1C408 /* Debug */,
				FBD85966201359AE00A1C408 /* Release */,
			);
			defaultConfigurationIsVisible = 0;
			defaultConfigurationName = Release;
		};
		FBD85967201359AE00A1C408 /* Build configuration list for PBXNativeTarget "Object TrackingTests" */ = {
			isa = XCConfigurationList;
			buildConfigurations = (
				FBD85968201359AE00A1C408 /* Debug */,
				FBD85969201359AE00A1C408 /* Release */,
			);
			defaultConfigurationIsVisible = 0;
			defaultConfigurationName = Release;
		};
/* End XCConfigurationList section */
	};
	rootObject = FBD8593F201359AD00A1C408 /* Project object */;
}
